
Microsoft Visual Studio Solution File, Format Version 12.00
# Visual Studio Version 16
VisualStudioVersion = 16.0.30907.101
MinimumVisualStudioVersion = 10.0.40219.1
Project("{9A19103F-16F7-4668-BE54-9A1E7A4F7556}") = "SimpleChat", "SimpleChat\SimpleChat.csproj", "{049E5FD7-1C06-4AB7-8EAC-485D063D95B1}"
EndProject
Project("{9A19103F-16F7-4668-BE54-9A1E7A4F7556}") = "SimpleChat.DAL", "SimpleChat.DAL\SimpleChat.DAL.csproj", "{27BDE026-1AA8-4BB2-97BD-98057527945C}"
EndProject
Project("{9A19103F-16F7-4668-BE54-9A1E7A4F7556}") = "SimpleChat.BL", "SimpleChat.BL\SimpleChat.BL.csproj", "{A8D53AE4-C1FF-4881-89AA-E8914C152DC3}"
EndProject
Project("{9A19103F-16F7-4668-BE54-9A1E7A4F7556}") = "SimpleChat.Models", "SimpleChat.Models\SimpleChat.Models.csproj", "{34291BE5-D889-4C5B-B8F3-8EA3C1BEE9DD}"
EndProject
Global
	GlobalSection(SolutionConfigurationPlatforms) = preSolution
		Debug|Any CPU = Debug|Any CPU
		Release|Any CPU = Release|Any CPU
	EndGlobalSection
	GlobalSection(ProjectConfigurationPlatforms) = postSolution
		{049E5FD7-1C06-4AB7-8EAC-485D063D95B1}.Debug|Any CPU.ActiveCfg = Debug|Any CPU
		{049E5FD7-1C06-4AB7-8EAC-485D063D95B1}.Debug|Any CPU.Build.0 = Debug|Any CPU
		{049E5FD7-1C06-4AB7-8EAC-485D063D95B1}.Release|Any CPU.ActiveCfg = Release|Any CPU
		{049E5FD7-1C06-4AB7-8EAC-485D063D95B1}.Release|Any CPU.Build.0 = Release|Any CPU
		{27BDE026-1AA8-4BB2-97BD-98057527945C}.Debug|Any CPU.ActiveCfg = Debug|Any CPU
		{27BDE026-1AA8-4BB2-97BD-98057527945C}.Debug|Any CPU.Build.0 = Debug|Any CPU
		{27BDE026-1AA8-4BB2-97BD-98057527945C}.Release|Any CPU.ActiveCfg = Release|Any CPU
		{27BDE026-1AA8-4BB2-97BD-98057527945C}.Release|Any CPU.Build.0 = Release|Any CPU
		{A8D53AE4-C1FF-4881-89AA-E8914C152DC3}.Debug|Any CPU.ActiveCfg = Debug|Any CPU
		{A8D53AE4-C1FF-4881-89AA-E8914C152DC3}.Debug|Any CPU.Build.0 = Debug|Any CPU
		{A8D53AE4-C1FF-4881-89AA-E8914C152DC3}.Release|Any CPU.ActiveCfg = Release|Any CPU
		{A8D53AE4-C1FF-4881-89AA-E8914C152DC3}.Release|Any CPU.Build.0 = Release|Any CPU
		{34291BE5-D889-4C5B-B8F3-8EA3C1BEE9DD}.Debug|Any CPU.ActiveCfg = Debug|Any CPU
		{34291BE5-D889-4C5B-B8F3-8EA3C1BEE9DD}.Debug|Any CPU.Build.0 = Debug|Any CPU
		{34291BE5-D889-4C5B-B8F3-8EA3C1BEE9DD}.Release|Any CPU.ActiveCfg = Release|Any CPU
		{34291BE5-D889-4C5B-B8F3-8EA3C1BEE9DD}.Release|Any CPU.Build.0 = Release|Any CPU
	EndGlobalSection
	GlobalSection(SolutionProperties) = preSolution
		HideSolutionNode = FALSE
	EndGlobalSection
	GlobalSection(ExtensibilityGlobals) = postSolution
		SolutionGuid = {A1D1408F-064E-43F2-8F3B-3C9136753EAA}
	EndGlobalSection
EndGlobal
